{
  "version": "3",
  "packages": {
    "specifiers": {
      "jsr:@std/assert@1": "jsr:@std/assert@1.0.10",
      "jsr:@std/internal@^1.0.5": "jsr:@std/internal@1.0.5",
      "npm:yahoo-finance2@2.13.3": "npm:yahoo-finance2@2.13.3"
    },
    "jsr": {
      "@std/assert@1.0.10": {
        "integrity": "59b5cbac5bd55459a19045d95cc7c2ff787b4f8527c0dd195078ff6f9481fbb3",
        "dependencies": [
          "jsr:@std/internal@^1.0.5"
        ]
      },
      "@std/internal@1.0.5": {
        "integrity": "54a546004f769c1ac9e025abd15a76b6671ddc9687e2313b67376125650dc7ba"
      }
    },
    "npm": {
      "@sinclair/typebox@0.32.35": {
        "integrity": "sha512-Ul3YyOTU++to8cgNkttakC0dWvpERr6RYoHO2W47DLbFvrwBDJUY31B1sImH6JZSYc4Kt4PyHtoPNu+vL2r2dA==",
        "dependencies": {}
      },
      "@types/tough-cookie@4.0.5": {
        "integrity": "sha512-/Ad8+nIOV7Rl++6f1BdKxFSMgmoqEoYbHRpPcx3JEfv8VRsQe9Z4mCXeJBzxs7mbHY/XOZZuXlRNfhpVPbs6ZA==",
        "dependencies": {}
      },
      "psl@1.15.0": {
        "integrity": "sha512-JZd3gMVBAVQkSs6HdNZo9Sdo0LNcQeMNP3CozBJb3JYC/QUYZTnKxP+f8oWRX4rHP5EurWxqAHTSwUCjlNKa1w==",
        "dependencies": {
          "punycode": "punycode@2.3.1"
        }
      },
      "punycode@2.3.1": {
        "integrity": "sha512-vYt7UD1U9Wg6138shLtLOvdAu+8DsC/ilFtEVHcH+wydcSpNE20AfSOduf6MkRFahL5FY7X1oU7nKVZFtfq8Fg==",
        "dependencies": {}
      },
      "querystringify@2.2.0": {
        "integrity": "sha512-FIqgj2EUvTa7R50u0rGsyTftzjYmv/a3hO345bZNrqabNqjtgiDMgmo4mkUjd+nzU5oF3dClKqFIPUKybUyqoQ==",
        "dependencies": {}
      },
      "requires-port@1.0.0": {
        "integrity": "sha512-KigOCHcocU3XODJxsu8i/j8T9tzT4adHiecwORRQ0ZZFcp7ahwXuRU1m+yuO90C5ZUyGeGfocHDI14M3L3yDAQ==",
        "dependencies": {}
      },
      "tough-cookie-file-store@2.0.3": {
        "integrity": "sha512-sMpZVcmFf6EYFHFFl+SYH4W1/OnXBYMGDsv2IlbQ2caHyFElW/UR/gpj/KYU1JwmP4dE9xqwv2+vWcmlXHojSw==",
        "dependencies": {
          "tough-cookie": "tough-cookie@4.1.4"
        }
      },
      "tough-cookie@4.1.4": {
        "integrity": "sha512-Loo5UUvLD9ScZ6jh8beX1T6sO1w2/MpCRpEP7V280GKMVUQ0Jzar2U3UJPsrdbziLEMMhu3Ujnq//rhiFuIeag==",
        "dependencies": {
          "psl": "psl@1.15.0",
          "punycode": "punycode@2.3.1",
          "universalify": "universalify@0.2.0",
          "url-parse": "url-parse@1.5.10"
        }
      },
      "universalify@0.2.0": {
        "integrity": "sha512-CJ1QgKmNg3CwvAv/kOFmtnEN05f0D/cn9QntgNOQlQF9dgvVTHj3t+8JPdjqawCHk7V/KA+fbUqzZ9XWhcqPUg==",
        "dependencies": {}
      },
      "url-parse@1.5.10": {
        "integrity": "sha512-WypcfiRhfeUP9vvF0j6rw0J3hrWrw6iZv3+22h6iRMJ/8z1Tj6XfLP4DsUix5MhMPnXpiHDoKyoZ/bdCkwBCiQ==",
        "dependencies": {
          "querystringify": "querystringify@2.2.0",
          "requires-port": "requires-port@1.0.0"
        }
      },
      "yahoo-finance2@2.13.3": {
        "integrity": "sha512-ZECy6wQ7ymT08nVrxqQf+gwmINJ4/ECLyq+vM3SQmH3HWzje5DX1WX5YcZpWpWi4KXdmo2Vuk9OAdrTP09nE4g==",
        "dependencies": {
          "@sinclair/typebox": "@sinclair/typebox@0.32.35",
          "@types/tough-cookie": "@types/tough-cookie@4.0.5",
          "tough-cookie": "tough-cookie@4.1.4",
          "tough-cookie-file-store": "tough-cookie-file-store@2.0.3"
        }
      }
    }
  },
  "remote": {},
  "workspace": {
    "dependencies": [
      "jsr:@std/assert@1",
      "npm:yahoo-finance2@2.13.3"
    ]
  }
}
